
Microsoft Visual Studio Solution File, Format Version 12.00
# Visual Studio Version 17
VisualStudioVersion = 17.11.35312.102
MinimumVisualStudioVersion = 10.0.40219.1
Project("{9A19103F-16F7-4668-BE54-9A1E7A4F7556}") = "_GamingUniversum", "_GamingUniversum.csproj", "{6782AB89-47AA-4246-8774-CD642AEAD21B}"
EndProject
Global
	GlobalSection(SolutionConfigurationPlatforms) = preSolution
		Debug|Any CPU = Debug|Any CPU
		Release|Any CPU = Release|Any CPU
	EndGlobalSection
	GlobalSection(ProjectConfigurationPlatforms) = postSolution
		{6782AB89-47AA-4246-8774-CD642AEAD21B}.Debug|Any CPU.ActiveCfg = Debug|Any CPU
		{6782AB89-47AA-4246-8774-CD642AEAD21B}.Debug|Any CPU.Build.0 = Debug|Any CPU
		{6782AB89-47AA-4246-8774-CD642AEAD21B}.Release|Any CPU.ActiveCfg = Release|Any CPU
		{6782AB89-47AA-4246-8774-CD642AEAD21B}.Release|Any CPU.Build.0 = Release|Any CPU
	EndGlobalSection
	GlobalSection(SolutionProperties) = preSolution
		HideSolutionNode = FALSE
	EndGlobalSection
	GlobalSection(ExtensibilityGlobals) = postSolution
		SolutionGuid = {916CD458-3044-4CF1-BFC8-DF46C2F4DC5C}
	EndGlobalSection
EndGlobal
